
Microsoft Visual Studio Solution File, Format Version 11.00
# Visual Studio 2010
Project("{FAE04EC0-301F-11D3-BF4B-00C04F79EFBC}") = "SistemaFastFood", "SistemaFastFood\SistemaFastFood.csproj", "{972268A0-DA68-486E-9B8B-ED10B0408F98}"
EndProject
Project("{FAE04EC0-301F-11D3-BF4B-00C04F79EFBC}") = "NEGOCIO", "NEGOCIO\NEGOCIO.csproj", "{007DED39-6C39-4F4D-90AE-49FAB135F574}"
EndProject
Project("{F184B08F-C81C-45F6-A57F-5ABD9991F28F}") = "CONEXION", "CONEXION\CONEXION.vbproj", "{31876ED7-2EE9-468C-8C7A-19493B12841D}"
EndProject
Global
	GlobalSection(SolutionConfigurationPlatforms) = preSolution
		Debug|Any CPU = Debug|Any CPU
		Debug|Mixed Platforms = Debug|Mixed Platforms
		Debug|x86 = Debug|x86
		Release|Any CPU = Release|Any CPU
		Release|Mixed Platforms = Release|Mixed Platforms
		Release|x86 = Release|x86
	EndGlobalSection
	GlobalSection(ProjectConfigurationPlatforms) = postSolution
		{972268A0-DA68-486E-9B8B-ED10B0408F98}.Debug|Any CPU.ActiveCfg = Debug|x86
		{972268A0-DA68-486E-9B8B-ED10B0408F98}.Debug|Mixed Platforms.ActiveCfg = Debug|x86
		{972268A0-DA68-486E-9B8B-ED10B0408F98}.Debug|Mixed Platforms.Build.0 = Debug|x86
		{972268A0-DA68-486E-9B8B-ED10B0408F98}.Debug|x86.ActiveCfg = Debug|x86
		{972268A0-DA68-486E-9B8B-ED10B0408F98}.Debug|x86.Build.0 = Debug|x86
		{972268A0-DA68-486E-9B8B-ED10B0408F98}.Release|Any CPU.ActiveCfg = Release|x86
		{972268A0-DA68-486E-9B8B-ED10B0408F98}.Release|Mixed Platforms.ActiveCfg = Release|x86
		{972268A0-DA68-486E-9B8B-ED10B0408F98}.Release|Mixed Platforms.Build.0 = Release|x86
		{972268A0-DA68-486E-9B8B-ED10B0408F98}.Release|x86.ActiveCfg = Release|x86
		{972268A0-DA68-486E-9B8B-ED10B0408F98}.Release|x86.Build.0 = Release|x86
		{007DED39-6C39-4F4D-90AE-49FAB135F574}.Debug|Any CPU.ActiveCfg = Debug|Any CPU
		{007DED39-6C39-4F4D-90AE-49FAB135F574}.Debug|Any CPU.Build.0 = Debug|Any CPU
		{007DED39-6C39-4F4D-90AE-49FAB135F574}.Debug|Mixed Platforms.ActiveCfg = Debug|Any CPU
		{007DED39-6C39-4F4D-90AE-49FAB135F574}.Debug|Mixed Platforms.Build.0 = Debug|Any CPU
		{007DED39-6C39-4F4D-90AE-49FAB135F574}.Debug|x86.ActiveCfg = Debug|Any CPU
		{007DED39-6C39-4F4D-90AE-49FAB135F574}.Release|Any CPU.ActiveCfg = Release|Any CPU
		{007DED39-6C39-4F4D-90AE-49FAB135F574}.Release|Any CPU.Build.0 = Release|Any CPU
		{007DED39-6C39-4F4D-90AE-49FAB135F574}.Release|Mixed Platforms.ActiveCfg = Release|Any CPU
		{007DED39-6C39-4F4D-90AE-49FAB135F574}.Release|Mixed Platforms.Build.0 = Release|Any CPU
		{007DED39-6C39-4F4D-90AE-49FAB135F574}.Release|x86.ActiveCfg = Release|Any CPU
		{31876ED7-2EE9-468C-8C7A-19493B12841D}.Debug|Any CPU.ActiveCfg = Debug|Any CPU
		{31876ED7-2EE9-468C-8C7A-19493B12841D}.Debug|Any CPU.Build.0 = Debug|Any CPU
		{31876ED7-2EE9-468C-8C7A-19493B12841D}.Debug|Mixed Platforms.ActiveCfg = Debug|Any CPU
		{31876ED7-2EE9-468C-8C7A-19493B12841D}.Debug|Mixed Platforms.Build.0 = Debug|Any CPU
		{31876ED7-2EE9-468C-8C7A-19493B12841D}.Debug|x86.ActiveCfg = Debug|Any CPU
		{31876ED7-2EE9-468C-8C7A-19493B12841D}.Release|Any CPU.ActiveCfg = Release|Any CPU
		{31876ED7-2EE9-468C-8C7A-19493B12841D}.Release|Any CPU.Build.0 = Release|Any CPU
		{31876ED7-2EE9-468C-8C7A-19493B12841D}.Release|Mixed Platforms.ActiveCfg = Release|Any CPU
		{31876ED7-2EE9-468C-8C7A-19493B12841D}.Release|Mixed Platforms.Build.0 = Release|Any CPU
		{31876ED7-2EE9-468C-8C7A-19493B12841D}.Release|x86.ActiveCfg = Release|Any CPU
	EndGlobalSection
	GlobalSection(SolutionProperties) = preSolution
		HideSolutionNode = FALSE
	EndGlobalSection
EndGlobal
